// !$*UTF8*$!
{
	archiveVersion = 1;
	classes = {
	};
	objectVersion = 56;
	objects = {

/* Begin PBXBuildFile section */
		8327B3172BAE2FF400D246EB /* AppDelegate.swift in Sources */ = {isa = PBXBuildFile; fileRef = 8327B3162BAE2FF400D246EB /* AppDelegate.swift */; };
		8327B3192BAE2FF400D246EB /* SceneDelegate.swift in Sources */ = {isa = PBXBuildFile; fileRef = 8327B3182BAE2FF400D246EB /* SceneDelegate.swift */; };
		8327B31B2BAE2FF400D246EB /* HomeViewController.swift in Sources */ = {isa = PBXBuildFile; fileRef = 8327B31A2BAE2FF400D246EB /* HomeViewController.swift */; };
		8327B31E2BAE2FF400D246EB /* Main.storyboard in Resources */ = {isa = PBXBuildFile; fileRef = 8327B31C2BAE2FF400D246EB /* Main.storyboard */; };
		8327B3202BAE2FF400D246EB /* Assets.xcassets in Resources */ = {isa = PBXBuildFile; fileRef = 8327B31F2BAE2FF400D246EB /* Assets.xcassets */; };
		8327B3232BAE2FF400D246EB /* LaunchScreen.storyboard in Resources */ = {isa = PBXBuildFile; fileRef = 8327B3212BAE2FF400D246EB /* LaunchScreen.storyboard */; };
		838E96592BEFBC2200C2BC0E /* RFTabBarController.swift in Sources */ = {isa = PBXBuildFile; fileRef = 838E96582BEFBC2200C2BC0E /* RFTabBarController.swift */; };
		838E965B2BEFBC8700C2BC0E /* AuthenticationManager.swift in Sources */ = {isa = PBXBuildFile; fileRef = 838E965A2BEFBC8700C2BC0E /* AuthenticationManager.swift */; };
		838E965D2BEFBD2700C2BC0E /* LoginViewController.swift in Sources */ = {isa = PBXBuildFile; fileRef = 838E965C2BEFBD2700C2BC0E /* LoginViewController.swift */; };
		83AD4AD62BB0680C00408EC6 /* MusicViewController.swift in Sources */ = {isa = PBXBuildFile; fileRef = 83AD4AD52BB0680C00408EC6 /* MusicViewController.swift */; };
		83AD4AD82BB06BB800408EC6 /* RadioViewController.swift in Sources */ = {isa = PBXBuildFile; fileRef = 83AD4AD72BB06BB800408EC6 /* RadioViewController.swift */; };
		83AD4ADA2BB06C3D00408EC6 /* SubmissionViewController.swift in Sources */ = {isa = PBXBuildFile; fileRef = 83AD4AD92BB06C3D00408EC6 /* SubmissionViewController.swift */; };
		83AD4ADC2BB08DBA00408EC6 /* NowPlayingView.swift in Sources */ = {isa = PBXBuildFile; fileRef = 83AD4ADB2BB08DBA00408EC6 /* NowPlayingView.swift */; };
		83AD4ADE2BB08DE700408EC6 /* AudioManager.swift in Sources */ = {isa = PBXBuildFile; fileRef = 83AD4ADD2BB08DE700408EC6 /* AudioManager.swift */; };
		83AD4AE02BB0913B00408EC6 /* Dreams.mp3 in Resources */ = {isa = PBXBuildFile; fileRef = 83AD4ADF2BB0913B00408EC6 /* Dreams.mp3 */; };
/* End PBXBuildFile section */

/* Begin PBXFileReference section */
		8327B3132BAE2FF400D246EB /* ReflectionsFM.app */ = {isa = PBXFileReference; explicitFileType = wrapper.application; includeInIndex = 0; path = ReflectionsFM.app; sourceTree = BUILT_PRODUCTS_DIR; };
		8327B3162BAE2FF400D246EB /* AppDelegate.swift */ = {isa = PBXFileReference; lastKnownFileType = sourcecode.swift; path = AppDelegate.swift; sourceTree = "<group>"; };
		8327B3182BAE2FF400D246EB /* SceneDelegate.swift */ = {isa = PBXFileReference; lastKnownFileType = sourcecode.swift; path = SceneDelegate.swift; sourceTree = "<group>"; };
		8327B31A2BAE2FF400D246EB /* HomeViewController.swift */ = {isa = PBXFileReference; lastKnownFileType = sourcecode.swift; path = HomeViewController.swift; sourceTree = "<group>"; };
		8327B31D2BAE2FF400D246EB /* Base */ = {isa = PBXFileReference; lastKnownFileType = file.storyboard; name = Base; path = Base.lproj/Main.storyboard; sourceTree = "<group>"; };
		8327B31F2BAE2FF400D246EB /* Assets.xcassets */ = {isa = PBXFileReference; lastKnownFileType = folder.assetcatalog; path = Assets.xcassets; sourceTree = "<group>"; };
		8327B3222BAE2FF400D246EB /* Base */ = {isa = PBXFileReference; lastKnownFileType = file.storyboard; name = Base; path = Base.lproj/LaunchScreen.storyboard; sourceTree = "<group>"; };
		8327B3242BAE2FF400D246EB /* Info.plist */ = {isa = PBXFileReference; lastKnownFileType = text.plist.xml; path = Info.plist; sourceTree = "<group>"; };
		838E96582BEFBC2200C2BC0E /* RFTabBarController.swift */ = {isa = PBXFileReference; lastKnownFileType = sourcecode.swift; path = RFTabBarController.swift; sourceTree = "<group>"; };
		838E965A2BEFBC8700C2BC0E /* AuthenticationManager.swift */ = {isa = PBXFileReference; lastKnownFileType = sourcecode.swift; path = AuthenticationManager.swift; sourceTree = "<group>"; };
		838E965C2BEFBD2700C2BC0E /* LoginViewController.swift */ = {isa = PBXFileReference; lastKnownFileType = sourcecode.swift; path = LoginViewController.swift; sourceTree = "<group>"; };
		83AD4AD52BB0680C00408EC6 /* MusicViewController.swift */ = {isa = PBXFileReference; lastKnownFileType = sourcecode.swift; path = MusicViewController.swift; sourceTree = "<group>"; };
		83AD4AD72BB06BB800408EC6 /* RadioViewController.swift */ = {isa = PBXFileReference; lastKnownFileType = sourcecode.swift; path = RadioViewController.swift; sourceTree = "<group>"; };
		83AD4AD92BB06C3D00408EC6 /* SubmissionViewController.swift */ = {isa = PBXFileReference; lastKnownFileType = sourcecode.swift; path = SubmissionViewController.swift; sourceTree = "<group>"; };
		83AD4ADB2BB08DBA00408EC6 /* NowPlayingView.swift */ = {isa = PBXFileReference; lastKnownFileType = sourcecode.swift; path = NowPlayingView.swift; sourceTree = "<group>"; };
		83AD4ADD2BB08DE700408EC6 /* AudioManager.swift */ = {isa = PBXFileReference; lastKnownFileType = sourcecode.swift; path = AudioManager.swift; sourceTree = "<group>"; };
		83AD4ADF2BB0913B00408EC6 /* Dreams.mp3 */ = {isa = PBXFileReference; lastKnownFileType = audio.mp3; path = Dreams.mp3; sourceTree = "<group>"; };
/* End PBXFileReference section */

/* Begin PBXFrameworksBuildPhase section */
		8327B3102BAE2FF400D246EB /* Frameworks */ = {
			isa = PBXFrameworksBuildPhase;
			buildActionMask = 2147483647;
			files = (
			);
			runOnlyForDeploymentPostprocessing = 0;
		};
/* End PBXFrameworksBuildPhase section */

/* Begin PBXGroup section */
		8327B30A2BAE2FF400D246EB = {
			isa = PBXGroup;
			children = (
				8327B3152BAE2FF400D246EB /* ReflectionsFM */,
				8327B3142BAE2FF400D246EB /* Products */,
			);
			sourceTree = "<group>";
		};
		8327B3142BAE2FF400D246EB /* Products */ = {
			isa = PBXGroup;
			children = (
				8327B3132BAE2FF400D246EB /* ReflectionsFM.app */,
			);
			name = Products;
			sourceTree = "<group>";
		};
		8327B3152BAE2FF400D246EB /* ReflectionsFM */ = {
			isa = PBXGroup;
			children = (
				8327B3162BAE2FF400D246EB /* AppDelegate.swift */,
				8327B3182BAE2FF400D246EB /* SceneDelegate.swift */,
				838E96582BEFBC2200C2BC0E /* RFTabBarController.swift */,
				838E965C2BEFBD2700C2BC0E /* LoginViewController.swift */,
				838E965A2BEFBC8700C2BC0E /* AuthenticationManager.swift */,
				8327B31A2BAE2FF400D246EB /* HomeViewController.swift */,
				83AD4AD92BB06C3D00408EC6 /* SubmissionViewController.swift */,
				83AD4AD52BB0680C00408EC6 /* MusicViewController.swift */,
				83AD4ADB2BB08DBA00408EC6 /* NowPlayingView.swift */,
				83AD4ADD2BB08DE700408EC6 /* AudioManager.swift */,
				83AD4AD72BB06BB800408EC6 /* RadioViewController.swift */,
				8327B31C2BAE2FF400D246EB /* Main.storyboard */,
				8327B31F2BAE2FF400D246EB /* Assets.xcassets */,
				8327B3212BAE2FF400D246EB /* LaunchScreen.storyboard */,
				8327B3242BAE2FF400D246EB /* Info.plist */,
				83AD4ADF2BB0913B00408EC6 /* Dreams.mp3 */,
			);
			path = ReflectionsFM;
			sourceTree = "<group>";
		};
/* End PBXGroup section */

/* Begin PBXNativeTarget section */
		8327B3122BAE2FF400D246EB /* ReflectionsFM */ = {
			isa = PBXNativeTarget;
			buildConfigurationList = 8327B3272BAE2FF400D246EB /* Build configuration list for PBXNativeTarget "ReflectionsFM" */;
			buildPhases = (
				8327B30F2BAE2FF400D246EB /* Sources */,
				8327B3102BAE2FF400D246EB /* Frameworks */,
				8327B3112BAE2FF400D246EB /* Resources */,
			);
			buildRules = (
			);
			dependencies = (
			);
			name = ReflectionsFM;
			productName = ReflectionsFM;
			productReference = 8327B3132BAE2FF400D246EB /* ReflectionsFM.app */;
			productType = "com.apple.product-type.application";
		};
/* End PBXNativeTarget section */

/* Begin PBXProject section */
		8327B30B2BAE2FF400D246EB /* Project object */ = {
			isa = PBXProject;
			attributes = {
				BuildIndependentTargetsInParallel = 1;
				LastSwiftUpdateCheck = 1420;
				LastUpgradeCheck = 1530;
				TargetAttributes = {
					8327B3122BAE2FF400D246EB = {
						CreatedOnToolsVersion = 14.2;
					};
				};
			};
			buildConfigurationList = 8327B30E2BAE2FF400D246EB /* Build configuration list for PBXProject "ReflectionsFM" */;
			compatibilityVersion = "Xcode 14.0";
			developmentRegion = en;
			hasScannedForEncodings = 0;
			knownRegions = (
				en,
				Base,
			);
			mainGroup = 8327B30A2BAE2FF400D246EB;
			productRefGroup = 8327B3142BAE2FF400D246EB /* Products */;
			projectDirPath = "";
			projectRoot = "";
			targets = (
				8327B3122BAE2FF400D246EB /* ReflectionsFM */,
			);
		};
/* End PBXProject section */

/* Begin PBXResourcesBuildPhase section */
		8327B3112BAE2FF400D246EB /* Resources */ = {
			isa = PBXResourcesBuildPhase;
			buildActionMask = 2147483647;
			files = (
				83AD4AE02BB0913B00408EC6 /* Dreams.mp3 in Resources */,
				8327B3232BAE2FF400D246EB /* LaunchScreen.storyboard in Resources */,
				8327B3202BAE2FF400D246EB /* Assets.xcassets in Resources */,
				8327B31E2BAE2FF400D246EB /* Main.storyboard in Resources */,
			);
			runOnlyForDeploymentPostprocessing = 0;
		};
/* End PBXResourcesBuildPhase section */

/* Begin PBXSourcesBuildPhase section */
		8327B30F2BAE2FF400D246EB /* Sources */ = {
			isa = PBXSourcesBuildPhase;
			buildActionMask = 2147483647;
			files = (
				838E96592BEFBC2200C2BC0E /* RFTabBarController.swift in Sources */,
				83AD4AD62BB0680C00408EC6 /* MusicViewController.swift in Sources */,
				83AD4AD82BB06BB800408EC6 /* RadioViewController.swift in Sources */,
				838E965B2BEFBC8700C2BC0E /* AuthenticationManager.swift in Sources */,
				83AD4ADE2BB08DE700408EC6 /* AudioManager.swift in Sources */,
				83AD4ADA2BB06C3D00408EC6 /* SubmissionViewController.swift in Sources */,
				8327B31B2BAE2FF400D246EB /* HomeViewController.swift in Sources */,
				8327B3172BAE2FF400D246EB /* AppDelegate.swift in Sources */,
				83AD4ADC2BB08DBA00408EC6 /* NowPlayingView.swift in Sources */,
				8327B3192BAE2FF400D246EB /* SceneDelegate.swift in Sources */,
				838E965D2BEFBD2700C2BC0E /* LoginViewController.swift in Sources */,
			);
			runOnlyForDeploymentPostprocessing = 0;
		};
/* End PBXSourcesBuildPhase section */

/* Begin PBXVariantGroup section */
		8327B31C2BAE2FF400D246EB /* Main.storyboard */ = {
			isa = PBXVariantGroup;
			children = (
				8327B31D2BAE2FF400D246EB /* Base */,
			);
			name = Main.storyboard;
			sourceTree = "<group>";
		};
		8327B3212BAE2FF400D246EB /* LaunchScreen.storyboard */ = {
			isa = PBXVariantGroup;
			children = (
				8327B3222BAE2FF400D246EB /* Base */,
			);
			name = LaunchScreen.storyboard;
			sourceTree = "<group>";
		};
/* End PBXVariantGroup section */

/* Begin XCBuildConfiguration section */
		8327B3252BAE2FF400D246EB /* Debug */ = {
			isa = XCBuildConfiguration;
			buildSettings = {
				ALWAYS_SEARCH_USER_PATHS = NO;
				CLANG_ANALYZER_NONNULL = YES;
				CLANG_ANALYZER_NUMBER_OBJECT_CONVERSION = YES_AGGRESSIVE;
				CLANG_CXX_LANGUAGE_STANDARD = "gnu++20";
				CLANG_ENABLE_MODULES = YES;
				CLANG_ENABLE_OBJC_ARC = YES;
				CLANG_ENABLE_OBJC_WEAK = YES;
				CLANG_WARN_BLOCK_CAPTURE_AUTORELEASING = YES;
				CLANG_WARN_BOOL_CONVERSION = YES;
				CLANG_WARN_COMMA = YES;
				CLANG_WARN_CONSTANT_CONVERSION = YES;
				CLANG_WARN_DEPRECATED_OBJC_IMPLEMENTATIONS = YES;
				CLANG_WARN_DIRECT_OBJC_ISA_USAGE = YES_ERROR;
				CLANG_WARN_DOCUMENTATION_COMMENTS = YES;
				CLANG_WARN_EMPTY_BODY = YES;
				CLANG_WARN_ENUM_CONVERSION = YES;
				CLANG_WARN_INFINITE_RECURSION = YES;
				CLANG_WARN_INT_CONVERSION = YES;
				CLANG_WARN_NON_LITERAL_NULL_CONVERSION = YES;
				CLANG_WARN_OBJC_IMPLICIT_RETAIN_SELF = YES;
				CLANG_WARN_OBJC_LITERAL_CONVERSION = YES;
				CLANG_WARN_OBJC_ROOT_CLASS = YES_ERROR;
				CLANG_WARN_QUOTED_INCLUDE_IN_FRAMEWORK_HEADER = YES;
				CLANG_WARN_RANGE_LOOP_ANALYSIS = YES;
				CLANG_WARN_STRICT_PROTOTYPES = YES;
				CLANG_WARN_SUSPICIOUS_MOVE = YES;
				CLANG_WARN_UNGUARDED_AVAILABILITY = YES_AGGRESSIVE;
				CLANG_WARN_UNREACHABLE_CODE = YES;
				CLANG_WARN__DUPLICATE_METHOD_MATCH = YES;
				COPY_PHASE_STRIP = NO;
				DEBUG_INFORMATION_FORMAT = dwarf;
				ENABLE_STRICT_OBJC_MSGSEND = YES;
				ENABLE_TESTABILITY = YES;
				ENABLE_USER_SCRIPT_SANDBOXING = YES;
				GCC_C_LANGUAGE_STANDARD = gnu11;
				GCC_DYNAMIC_NO_PIC = NO;
				GCC_NO_COMMON_BLOCKS = YES;
				GCC_OPTIMIZATION_LEVEL = 0;
				GCC_PREPROCESSOR_DEFINITIONS = (
					"DEBUG=1",
					"$(inherited)",
				);
				GCC_WARN_64_TO_32_BIT_CONVERSION = YES;
				GCC_WARN_ABOUT_RETURN_TYPE = YES_ERROR;
				GCC_WARN_UNDECLARED_SELECTOR = YES;
				GCC_WARN_UNINITIALIZED_AUTOS = YES_AGGRESSIVE;
				GCC_WARN_UNUSED_FUNCTION = YES;
				GCC_WARN_UNUSED_VARIABLE = YES;
				IPHONEOS_DEPLOYMENT_TARGET = 16.2;
				MTL_ENABLE_DEBUG_INFO = INCLUDE_SOURCE;
				MTL_FAST_MATH = YES;
				ONLY_ACTIVE_ARCH = YES;
				SDKROOT = iphoneos;
				SWIFT_ACTIVE_COMPILATION_CONDITIONS = DEBUG;
				SWIFT_OPTIMIZATION_LEVEL = "-Onone";
			};
			name = Debug;
		};
		8327B3262BAE2FF400D246EB /* Release */ = {
			isa = XCBuildConfiguration;
			buildSettings = {
				ALWAYS_SEARCH_USER_PATHS = NO;
				CLANG_ANALYZER_NONNULL = YES;
				CLANG_ANALYZER_NUMBER_OBJECT_CONVERSION = YES_AGGRESSIVE;
				CLANG_CXX_LANGUAGE_STANDARD = "gnu++20";
				CLANG_ENABLE_MODULES = YES;
				CLANG_ENABLE_OBJC_ARC = YES;
				CLANG_ENABLE_OBJC_WEAK = YES;
				CLANG_WARN_BLOCK_CAPTURE_AUTORELEASING = YES;
				CLANG_WARN_BOOL_CONVERSION = YES;
				CLANG_WARN_COMMA = YES;
				CLANG_WARN_CONSTANT_CONVERSION = YES;
				CLANG_WARN_DEPRECATED_OBJC_IMPLEMENTATIONS = YES;
				CLANG_WARN_DIRECT_OBJC_ISA_USAGE = YES_ERROR;
				CLANG_WARN_DOCUMENTATION_COMMENTS = YES;
				CLANG_WARN_EMPTY_BODY = YES;
				CLANG_WARN_ENUM_CONVERSION = YES;
				CLANG_WARN_INFINITE_RECURSION = YES;
				CLANG_WARN_INT_CONVERSION = YES;
				CLANG_WARN_NON_LITERAL_NULL_CONVERSION = YES;
				CLANG_WARN_OBJC_IMPLICIT_RETAIN_SELF = YES;
				CLANG_WARN_OBJC_LITERAL_CONVERSION = YES;
				CLANG_WARN_OBJC_ROOT_CLASS = YES_ERROR;
				CLANG_WARN_QUOTED_INCLUDE_IN_FRAMEWORK_HEADER = YES;
				CLANG_WARN_RANGE_LOOP_ANALYSIS = YES;
				CLANG_WARN_STRICT_PROTOTYPES = YES;
				CLANG_WARN_SUSPICIOUS_MOVE = YES;
				CLANG_WARN_UNGUARDED_AVAILABILITY = YES_AGGRESSIVE;
				CLANG_WARN_UNREACHABLE_CODE = YES;
				CLANG_WARN__DUPLICATE_METHOD_MATCH = YES;
				COPY_PHASE_STRIP = NO;
				DEBUG_INFORMATION_FORMAT = "dwarf-with-dsym";
				ENABLE_NS_ASSERTIONS = NO;
				ENABLE_STRICT_OBJC_MSGSEND = YES;
				ENABLE_USER_SCRIPT_SANDBOXING = YES;
				GCC_C_LANGUAGE_STANDARD = gnu11;
				GCC_NO_COMMON_BLOCKS = YES;
				GCC_WARN_64_TO_32_BIT_CONVERSION = YES;
				GCC_WARN_ABOUT_RETURN_TYPE = YES_ERROR;
				GCC_WARN_UNDECLARED_SELECTOR = YES;
				GCC_WARN_UNINITIALIZED_AUTOS = YES_AGGRESSIVE;
				GCC_WARN_UNUSED_FUNCTION = YES;
				GCC_WARN_UNUSED_VARIABLE = YES;
				IPHONEOS_DEPLOYMENT_TARGET = 16.2;
				MTL_ENABLE_DEBUG_INFO = NO;
				MTL_FAST_MATH = YES;
				SDKROOT = iphoneos;
				SWIFT_COMPILATION_MODE = wholemodule;
				SWIFT_OPTIMIZATION_LEVEL = "-O";
				VALIDATE_PRODUCT = YES;
			};
			name = Release;
		};
		8327B3282BAE2FF400D246EB /* Debug */ = {
			isa = XCBuildConfiguration;
			buildSettings = {
				ASSETCATALOG_COMPILER_APPICON_NAME = AppIcon;
				ASSETCATALOG_COMPILER_GLOBAL_ACCENT_COLOR_NAME = AccentColor;
				CODE_SIGN_STYLE = Automatic;
				CURRENT_PROJECT_VERSION = 1;
				DEVELOPMENT_TEAM = NZP2BD394S;
				GENERATE_INFOPLIST_FILE = YES;
				INFOPLIST_FILE = ReflectionsFM/Info.plist;
				INFOPLIST_KEY_UIApplicationSupportsIndirectInputEvents = YES;
				INFOPLIST_KEY_UILaunchStoryboardName = LaunchScreen;
				INFOPLIST_KEY_UIMainStoryboardFile = Main;
				INFOPLIST_KEY_UISupportedInterfaceOrientations_iPad = "UIInterfaceOrientationPortrait UIInterfaceOrientationPortraitUpsideDown UIInterfaceOrientationLandscapeLeft UIInterfaceOrientationLandscapeRight";
				INFOPLIST_KEY_UISupportedInterfaceOrientations_iPhone = "UIInterfaceOrientationPortrait UIInterfaceOrientationLandscapeLeft UIInterfaceOrientationLandscapeRight";
				IPHONEOS_DEPLOYMENT_TARGET = 17.0;
				LD_RUNPATH_SEARCH_PATHS = (
					"$(inherited)",
					"@executable_path/Frameworks",
				);
				MARKETING_VERSION = 1.0;
				PRODUCT_BUNDLE_IDENTIFIER = com.rileywells.ReflectionsFM;
				PRODUCT_NAME = "$(TARGET_NAME)";
				SWIFT_EMIT_LOC_STRINGS = YES;
				SWIFT_VERSION = 5.0;
				TARGETED_DEVICE_FAMILY = "1,2";
			};
			name = Debug;
		};
		8327B3292BAE2FF400D246EB /* Release */ = {
			isa = XCBuildConfiguration;
			buildSettings = {
				ASSETCATALOG_COMPILER_APPICON_NAME = AppIcon;
				ASSETCATALOG_COMPILER_GLOBAL_ACCENT_COLOR_NAME = AccentColor;
				CODE_SIGN_STYLE = Automatic;
				CURRENT_PROJECT_VERSION = 1;
				DEVELOPMENT_TEAM = NZP2BD394S;
				GENERATE_INFOPLIST_FILE = YES;
				INFOPLIST_FILE = ReflectionsFM/Info.plist;
				INFOPLIST_KEY_UIApplicationSupportsIndirectInputEvents = YES;
				INFOPLIST_KEY_UILaunchStoryboardName = LaunchScreen;
				INFOPLIST_KEY_UIMainStoryboardFile = Main;
				INFOPLIST_KEY_UISupportedInterfaceOrientations_iPad = "UIInterfaceOrientationPortrait UIInterfaceOrientationPortraitUpsideDown UIInterfaceOrientationLandscapeLeft UIInterfaceOrientationLandscapeRight";
				INFOPLIST_KEY_UISupportedInterfaceOrientations_iPhone = "UIInterfaceOrientationPortrait UIInterfaceOrientationLandscapeLeft UIInterfaceOrientationLandscapeRight";
				IPHONEOS_DEPLOYMENT_TARGET = 17.0;
				LD_RUNPATH_SEARCH_PATHS = (
					"$(inherited)",
					"@executable_path/Frameworks",
				);
				MARKETING_VERSION = 1.0;
				PRODUCT_BUNDLE_IDENTIFIER = com.rileywells.ReflectionsFM;
				PRODUCT_NAME = "$(TARGET_NAME)";
				SWIFT_EMIT_LOC_STRINGS = YES;
				SWIFT_VERSION = 5.0;
				TARGETED_DEVICE_FAMILY = "1,2";
			};
			name = Release;
		};
/* End XCBuildConfiguration section */

/* Begin XCConfigurationList section */
		8327B30E2BAE2FF400D246EB /* Build configuration list for PBXProject "ReflectionsFM" */ = {
			isa = XCConfigurationList;
			buildConfigurations = (
				8327B3252BAE2FF400D246EB /* Debug */,
				8327B3262BAE2FF400D246EB /* Release */,
			);
			defaultConfigurationIsVisible = 0;
			defaultConfigurationName = Release;
		};
		8327B3272BAE2FF400D246EB /* Build configuration list for PBXNativeTarget "ReflectionsFM" */ = {
			isa = XCConfigurationList;
			buildConfigurations = (
				8327B3282BAE2FF400D246EB /* Debug */,
				8327B3292BAE2FF400D246EB /* Release */,
			);
			defaultConfigurationIsVisible = 0;
			defaultConfigurationName = Release;
		};
/* End XCConfigurationList section */
	};
	rootObject = 8327B30B2BAE2FF400D246EB /* Project object */;
}
